// !$*UTF8*$!
{
	archiveVersion = 1;
	classes = {
	};
	objectVersion = 46;
	objects = {

/* Begin PBXBuildFile section */
		497C33F61E5B4BFF0079B851 /* AppDelegate.swift in Sources */ = {isa = PBXBuildFile; fileRef = 497C33F51E5B4BFF0079B851 /* AppDelegate.swift */; };
		497C33F81E5B4BFF0079B851 /* ViewController.swift in Sources */ = {isa = PBXBuildFile; fileRef = 497C33F71E5B4BFF0079B851 /* ViewController.swift */; };
		497C33FB1E5B4BFF0079B851 /* Main.storyboard in Resources */ = {isa = PBXBuildFile; fileRef = 497C33F91E5B4BFF0079B851 /* Main.storyboard */; };
		497C33FD1E5B4BFF0079B851 /* Assets.xcassets in Resources */ = {isa = PBXBuildFile; fileRef = 497C33FC1E5B4BFF0079B851 /* Assets.xcassets */; };
		497C34001E5B4BFF0079B851 /* LaunchScreen.storyboard in Resources */ = {isa = PBXBuildFile; fileRef = 497C33FE1E5B4BFF0079B851 /* LaunchScreen.storyboard */; };
/* End PBXBuildFile section */

/* Begin PBXFileReference section */
		497C33F21E5B4BFF0079B851 /* EjercicioIconos.app */ = {isa = PBXFileReference; explicitFileType = wrapper.application; includeInIndex = 0; path = EjercicioIconos.app; sourceTree = BUILT_PRODUCTS_DIR; };
		497C33F51E5B4BFF0079B851 /* AppDelegate.swift */ = {isa = PBXFileReference; lastKnownFileType = sourcecode.swift; path = AppDelegate.swift; sourceTree = "<group>"; };
		497C33F71E5B4BFF0079B851 /* ViewController.swift */ = {isa = PBXFileReference; lastKnownFileType = sourcecode.swift; path = ViewController.swift; sourceTree = "<group>"; };
		497C33FA1E5B4BFF0079B851 /* Base */ = {isa = PBXFileReference; lastKnownFileType = file.storyboard; name = Base; path = Base.lproj/Main.storyboard; sourceTree = "<group>"; };
		497C33FC1E5B4BFF0079B851 /* Assets.xcassets */ = {isa = PBXFileReference; lastKnownFileType = folder.assetcatalog; path = Assets.xcassets; sourceTree = "<group>"; };
		497C33FF1E5B4BFF0079B851 /* Base */ = {isa = PBXFileReference; lastKnownFileType = file.storyboard; name = Base; path = Base.lproj/LaunchScreen.storyboard; sourceTree = "<group>"; };
		497C34011E5B4BFF0079B851 /* Info.plist */ = {isa = PBXFileReference; lastKnownFileType = text.plist.xml; path = Info.plist; sourceTree = "<group>"; };
/* End PBXFileReference section */

/* Begin PBXFrameworksBuildPhase section */
		497C33EF1E5B4BFF0079B851 /* Frameworks */ = {
			isa = PBXFrameworksBuildPhase;
			buildActionMask = 2147483647;
			files = (
			);
			runOnlyForDeploymentPostprocessing = 0;
		};
/* End PBXFrameworksBuildPhase section */

/* Begin PBXGroup section */
		497C33E91E5B4BFF0079B851 = {
			isa = PBXGroup;
			children = (
				497C33F41E5B4BFF0079B851 /* EjercicioIconos */,
				497C33F31E5B4BFF0079B851 /* Products */,
			);
			sourceTree = "<group>";
		};
		497C33F31E5B4BFF0079B851 /* Products */ = {
			isa = PBXGroup;
			children = (
				497C33F21E5B4BFF0079B851 /* EjercicioIconos.app */,
			);
			name = Products;
			sourceTree = "<group>";
		};
		497C33F41E5B4BFF0079B851 /* EjercicioIconos */ = {
			isa = PBXGroup;
			children = (
				497C33F51E5B4BFF0079B851 /* AppDelegate.swift */,
				497C33F71E5B4BFF0079B851 /* ViewController.swift */,
				497C33F91E5B4BFF0079B851 /* Main.storyboard */,
				497C33FC1E5B4BFF0079B851 /* Assets.xcassets */,
				497C33FE1E5B4BFF0079B851 /* LaunchScreen.storyboard */,
				497C34011E5B4BFF0079B851 /* Info.plist */,
			);
			path = EjercicioIconos;
			sourceTree = "<group>";
		};
/* End PBXGroup section */

/* Begin PBXNativeTarget section */
		497C33F11E5B4BFF0079B851 /* EjercicioIconos */ = {
			isa = PBXNativeTarget;
			buildConfigurationList = 497C34041E5B4BFF0079B851 /* Build configuration list for PBXNativeTarget "EjercicioIconos" */;
			buildPhases = (
				497C33EE1E5B4BFF0079B851 /* Sources */,
				497C33EF1E5B4BFF0079B851 /* Frameworks */,
				497C33F01E5B4BFF0079B851 /* Resources */,
			);
			buildRules = (
			);
			dependencies = (
			);
			name = EjercicioIconos;
			productName = EjercicioIconos;
			productReference = 497C33F21E5B4BFF0079B851 /* EjercicioIconos.app */;
			productType = "com.apple.product-type.application";
		};
/* End PBXNativeTarget section */

/* Begin PBXProject section */
		497C33EA1E5B4BFF0079B851 /* Project object */ = {
			isa = PBXProject;
			attributes = {
				LastSwiftUpdateCheck = 0820;
				LastUpgradeCheck = 0820;
				ORGANIZATIONNAME = NextU;
				TargetAttributes = {
					497C33F11E5B4BFF0079B851 = {
						CreatedOnToolsVersion = 8.2.1;
						DevelopmentTeam = 9AN638BM2S;
						ProvisioningStyle = Automatic;
					};
				};
			};
			buildConfigurationList = 497C33ED1E5B4BFF0079B851 /* Build configuration list for PBXProject "EjercicioIconos" */;
			compatibilityVersion = "Xcode 3.2";
			developmentRegion = English;
			hasScannedForEncodings = 0;
			knownRegions = (
				en,
				Base,
			);
			mainGroup = 497C33E91E5B4BFF0079B851;
			productRefGroup = 497C33F31E5B4BFF0079B851 /* Products */;
			projectDirPath = "";
			projectRoot = "";
			targets = (
				497C33F11E5B4BFF0079B851 /* EjercicioIconos */,
			);
		};
/* End PBXProject section */

/* Begin PBXResourcesBuildPhase section */
		497C33F01E5B4BFF0079B851 /* Resources */ = {
			isa = PBXResourcesBuildPhase;
			buildActionMask = 2147483647;
			files = (
				497C34001E5B4BFF0079B851 /* LaunchScreen.storyboard in Resources */,
				497C33FD1E5B4BFF0079B851 /* Assets.xcassets in Resources */,
				497C33FB1E5B4BFF0079B851 /* Main.storyboard in Resources */,
			);
			runOnlyForDeploymentPostprocessing = 0;
		};
/* End PBXResourcesBuildPhase section */

/* Begin PBXSourcesBuildPhase section */
		497C33EE1E5B4BFF0079B851 /* Sources */ = {
			isa = PBXSourcesBuildPhase;
			buildActionMask = 2147483647;
			files = (
				497C33F81E5B4BFF0079B851 /* ViewController.swift in Sources */,
				497C33F61E5B4BFF0079B851 /* AppDelegate.swift in Sources */,
			);
			runOnlyForDeploymentPostprocessing = 0;
		};
/* End PBXSourcesBuildPhase section */

/* Begin PBXVariantGroup section */
		497C33F91E5B4BFF0079B851 /* Main.storyboard */ = {
			isa = PBXVariantGroup;
			children = (
				497C33FA1E5B4BFF0079B851 /* Base */,
			);
			name = Main.storyboard;
			sourceTree = "<group>";
		};
		497C33FE1E5B4BFF0079B851 /* LaunchScreen.storyboard */ = {
			isa = PBXVariantGroup;
			children = (
				497C33FF1E5B4BFF0079B851 /* Base */,
			);
			name = LaunchScreen.storyboard;
			sourceTree = "<group>";
		};
/* End PBXVariantGroup section */

/* Begin XCBuildConfiguration section */
		497C34021E5B4BFF0079B851 /* Debug */ = {
			isa = XCBuildConfiguration;
			buildSettings = {
				ALWAYS_SEARCH_USER_PATHS = NO;
				CLANG_ANALYZER_NONNULL = YES;
				CLANG_CXX_LANGUAGE_STANDARD = "gnu++0x";
				CLANG_CXX_LIBRARY = "libc++";
				CLANG_ENABLE_MODULES = YES;
				CLANG_ENABLE_OBJC_ARC = YES;
				CLANG_WARN_BOOL_CONVERSION = YES;
				CLANG_WARN_CONSTANT_CONVERSION = YES;
				CLANG_WARN_DIRECT_OBJC_ISA_USAGE = YES_ERROR;
				CLANG_WARN_DOCUMENTATION_COMMENTS = YES;
				CLANG_WARN_EMPTY_BODY = YES;
				CLANG_WARN_ENUM_CONVERSION = YES;
				CLANG_WARN_INFINITE_RECURSION = YES;
				CLANG_WARN_INT_CONVERSION = YES;
				CLANG_WARN_OBJC_ROOT_CLASS = YES_ERROR;
				CLANG_WARN_SUSPICIOUS_MOVE = YES;
				CLANG_WARN_UNREACHABLE_CODE = YES;
				CLANG_WARN__DUPLICATE_METHOD_MATCH = YES;
				"CODE_SIGN_IDENTITY[sdk=iphoneos*]" = "iPhone Developer";
				COPY_PHASE_STRIP = NO;
				DEBUG_INFORMATION_FORMAT = dwarf;
				ENABLE_STRICT_OBJC_MSGSEND = YES;
				ENABLE_TESTABILITY = YES;
				GCC_C_LANGUAGE_STANDARD = gnu99;
				GCC_DYNAMIC_NO_PIC = NO;
				GCC_NO_COMMON_BLOCKS = YES;
				GCC_OPTIMIZATION_LEVEL = 0;
				GCC_PREPROCESSOR_DEFINITIONS = (
					"DEBUG=1",
					"$(inherited)",
				);
				GCC_WARN_64_TO_32_BIT_CONVERSION = YES;
				GCC_WARN_ABOUT_RETURN_TYPE = YES_ERROR;
				GCC_WARN_UNDECLARED_SELECTOR = YES;
				GCC_WARN_UNINITIALIZED_AUTOS = YES_AGGRESSIVE;
				GCC_WARN_UNUSED_FUNCTION = YES;
				GCC_WARN_UNUSED_VARIABLE = YES;
				IPHONEOS_DEPLOYMENT_TARGET = 10.2;
				MTL_ENABLE_DEBUG_INFO = YES;
				ONLY_ACTIVE_ARCH = YES;
				SDKROOT = iphoneos;
				SWIFT_ACTIVE_COMPILATION_CONDITIONS = DEBUG;
				SWIFT_OPTIMIZATION_LEVEL = "-Onone";
			};
			name = Debug;
		};
		497C34031E5B4BFF0079B851 /* Release */ = {
			isa = XCBuildConfiguration;
			buildSettings = {
				ALWAYS_SEARCH_USER_PATHS = NO;
				CLANG_ANALYZER_NONNULL = YES;
				CLANG_CXX_LANGUAGE_STANDARD = "gnu++0x";
				CLANG_CXX_LIBRARY = "libc++";
				CLANG_ENABLE_MODULES = YES;
				CLANG_ENABLE_OBJC_ARC = YES;
				CLANG_WARN_BOOL_CONVERSION = YES;
				CLANG_WARN_CONSTANT_CONVERSION = YES;
				CLANG_WARN_DIRECT_OBJC_ISA_USAGE = YES_ERROR;
				CLANG_WARN_DOCUMENTATION_COMMENTS = YES;
				CLANG_WARN_EMPTY_BODY = YES;
				CLANG_WARN_ENUM_CONVERSION = YES;
				CLANG_WARN_INFINITE_RECURSION = YES;
				CLANG_WARN_INT_CONVERSION = YES;
				CLANG_WARN_OBJC_ROOT_CLASS = YES_ERROR;
				CLANG_WARN_SUSPICIOUS_MOVE = YES;
				CLANG_WARN_UNREACHABLE_CODE = YES;
				CLANG_WARN__DUPLICATE_METHOD_MATCH = YES;
				"CODE_SIGN_IDENTITY[sdk=iphoneos*]" = "iPhone Developer";
				COPY_PHASE_STRIP = NO;
				DEBUG_INFORMATION_FORMAT = "dwarf-with-dsym";
				ENABLE_NS_ASSERTIONS = NO;
				ENABLE_STRICT_OBJC_MSGSEND = YES;
				GCC_C_LANGUAGE_STANDARD = gnu99;
				GCC_NO_COMMON_BLOCKS = YES;
				GCC_WARN_64_TO_32_BIT_CONVERSION = YES;
				GCC_WARN_ABOUT_RETURN_TYPE = YES_ERROR;
				GCC_WARN_UNDECLARED_SELECTOR = YES;
				GCC_WARN_UNINITIALIZED_AUTOS = YES_AGGRESSIVE;
				GCC_WARN_UNUSED_FUNCTION = YES;
				GCC_WARN_UNUSED_VARIABLE = YES;
				IPHONEOS_DEPLOYMENT_TARGET = 10.2;
				MTL_ENABLE_DEBUG_INFO = NO;
				SDKROOT = iphoneos;
				SWIFT_OPTIMIZATION_LEVEL = "-Owholemodule";
				VALIDATE_PRODUCT = YES;
			};
			name = Release;
		};
		497C34051E5B4BFF0079B851 /* Debug */ = {
			isa = XCBuildConfiguration;
			buildSettings = {
				ASSETCATALOG_COMPILER_APPICON_NAME = AppIcon1;
				DEVELOPMENT_TEAM = 9AN638BM2S;
				INFOPLIST_FILE = EjercicioIconos/Info.plist;
				LD_RUNPATH_SEARCH_PATHS = "$(inherited) @executable_path/Frameworks";
				PRODUCT_BUNDLE_IDENTIFIER = com.nextu.iosdeveloper.EjercicioIconos;
				PRODUCT_NAME = "$(TARGET_NAME)";
				SWIFT_VERSION = 3.0;
			};
			name = Debug;
		};
		497C34061E5B4BFF0079B851 /* Release */ = {
			isa = XCBuildConfiguration;
			buildSettings = {
				ASSETCATALOG_COMPILER_APPICON_NAME = AppIcon1;
				DEVELOPMENT_TEAM = 9AN638BM2S;
				INFOPLIST_FILE = EjercicioIconos/Info.plist;
				LD_RUNPATH_SEARCH_PATHS = "$(inherited) @executable_path/Frameworks";
				PRODUCT_BUNDLE_IDENTIFIER = com.nextu.iosdeveloper.EjercicioIconos;
				PRODUCT_NAME = "$(TARGET_NAME)";
				SWIFT_VERSION = 3.0;
			};
			name = Release;
		};
/* End XCBuildConfiguration section */

/* Begin XCConfigurationList section */
		497C33ED1E5B4BFF0079B851 /* Build configuration list for PBXProject "EjercicioIconos" */ = {
			isa = XCConfigurationList;
			buildConfigurations = (
				497C34021E5B4BFF0079B851 /* Debug */,
				497C34031E5B4BFF0079B851 /* Release */,
			);
			defaultConfigurationIsVisible = 0;
			defaultConfigurationName = Release;
		};
		497C34041E5B4BFF0079B851 /* Build configuration list for PBXNativeTarget "EjercicioIconos" */ = {
			isa = XCConfigurationList;
			buildConfigurations = (
				497C34051E5B4BFF0079B851 /* Debug */,
				497C34061E5B4BFF0079B851 /* Release */,
			);
			defaultConfigurationIsVisible = 0;
		};
/* End XCConfigurationList section */
	};
	rootObject = 497C33EA1E5B4BFF0079B851 /* Project object */;
}
